
Microsoft Visual Studio Solution File, Format Version 12.00
# Visual Studio Version 17
VisualStudioVersion = 17.3.32825.248
MinimumVisualStudioVersion = 10.0.40219.1
Project("{9A19103F-16F7-4668-BE54-9A1E7A4F7556}") = "PharmacyAPI", "PharmacyAPI\PharmacyAPI.csproj", "{81C1DB97-B386-407D-AAEA-8556B4761B9C}"
EndProject
Project("{9A19103F-16F7-4668-BE54-9A1E7A4F7556}") = "PharmacyAPI.EF", "PharmacyAPI.EF\PharmacyAPI.EF.csproj", "{3D8E7776-7400-4B4B-806E-8604C72072D5}"
EndProject
Project("{FAE04EC0-301F-11D3-BF4B-00C04F79EFBC}") = "PharmacyAPI.Tests", "PharmacyAPI.Tests\PharmacyAPI.Tests.csproj", "{022F5A6B-FF8B-471E-A940-A7E577251300}"
EndProject
Global
	GlobalSection(SolutionConfigurationPlatforms) = preSolution
		Debug|Any CPU = Debug|Any CPU
		Release|Any CPU = Release|Any CPU
	EndGlobalSection
	GlobalSection(ProjectConfigurationPlatforms) = postSolution
		{81C1DB97-B386-407D-AAEA-8556B4761B9C}.Debug|Any CPU.ActiveCfg = Debug|Any CPU
		{81C1DB97-B386-407D-AAEA-8556B4761B9C}.Debug|Any CPU.Build.0 = Debug|Any CPU
		{81C1DB97-B386-407D-AAEA-8556B4761B9C}.Release|Any CPU.ActiveCfg = Release|Any CPU
		{81C1DB97-B386-407D-AAEA-8556B4761B9C}.Release|Any CPU.Build.0 = Release|Any CPU
		{3D8E7776-7400-4B4B-806E-8604C72072D5}.Debug|Any CPU.ActiveCfg = Debug|Any CPU
		{3D8E7776-7400-4B4B-806E-8604C72072D5}.Debug|Any CPU.Build.0 = Debug|Any CPU
		{3D8E7776-7400-4B4B-806E-8604C72072D5}.Release|Any CPU.ActiveCfg = Release|Any CPU
		{3D8E7776-7400-4B4B-806E-8604C72072D5}.Release|Any CPU.Build.0 = Release|Any CPU
		{022F5A6B-FF8B-471E-A940-A7E577251300}.Debug|Any CPU.ActiveCfg = Debug|Any CPU
		{022F5A6B-FF8B-471E-A940-A7E577251300}.Debug|Any CPU.Build.0 = Debug|Any CPU
		{022F5A6B-FF8B-471E-A940-A7E577251300}.Release|Any CPU.ActiveCfg = Release|Any CPU
		{022F5A6B-FF8B-471E-A940-A7E577251300}.Release|Any CPU.Build.0 = Release|Any CPU
	EndGlobalSection
	GlobalSection(SolutionProperties) = preSolution
		HideSolutionNode = FALSE
	EndGlobalSection
	GlobalSection(ExtensibilityGlobals) = postSolution
		SolutionGuid = {FE804A46-8C1D-424E-803C-BC499CDBA4B9}
	EndGlobalSection
EndGlobal
